
Microsoft Visual Studio Solution File, Format Version 10.00
# Visual Studio 2008
Project("{FAE04EC0-301F-11D3-BF4B-00C04F79EFBC}") = "ShinyConsole", "ShinyConsole\ShinyConsole.csproj", "{B246C8EE-F963-403A-893E-530B08BA7261}"
EndProject
Project("{FAE04EC0-301F-11D3-BF4B-00C04F79EFBC}") = "TtyPlayer", "TtyPlayer\TtyPlayer.csproj", "{2409C96E-18FC-4420-A755-A2509F3B33C2}"
EndProject
Global
	GlobalSection(SolutionConfigurationPlatforms) = preSolution
		Debug|Any CPU = Debug|Any CPU
		Release|Any CPU = Release|Any CPU
	EndGlobalSection
	GlobalSection(ProjectConfigurationPlatforms) = postSolution
		{B246C8EE-F963-403A-893E-530B08BA7261}.Debug|Any CPU.ActiveCfg = Debug|Any CPU
		{B246C8EE-F963-403A-893E-530B08BA7261}.Debug|Any CPU.Build.0 = Debug|Any CPU
		{B246C8EE-F963-403A-893E-530B08BA7261}.Release|Any CPU.ActiveCfg = Release|Any CPU
		{B246C8EE-F963-403A-893E-530B08BA7261}.Release|Any CPU.Build.0 = Release|Any CPU
		{2409C96E-18FC-4420-A755-A2509F3B33C2}.Debug|Any CPU.ActiveCfg = Debug|Any CPU
		{2409C96E-18FC-4420-A755-A2509F3B33C2}.Debug|Any CPU.Build.0 = Debug|Any CPU
		{2409C96E-18FC-4420-A755-A2509F3B33C2}.Release|Any CPU.ActiveCfg = Release|Any CPU
		{2409C96E-18FC-4420-A755-A2509F3B33C2}.Release|Any CPU.Build.0 = Release|Any CPU
	EndGlobalSection
	GlobalSection(SolutionProperties) = preSolution
		HideSolutionNode = FALSE
	EndGlobalSection
EndGlobal
