
Microsoft Visual Studio Solution File, Format Version 10.00
# Visual Studio 2008
Project("{FAE04EC0-301F-11D3-BF4B-00C04F79EFBC}") = "ShinyConsole", "ShinyConsole\ShinyConsole.csproj", "{B246C8EE-F963-403A-893E-530B08BA7261}"
EndProject
Project("{FAE04EC0-301F-11D3-BF4B-00C04F79EFBC}") = "TtyPlayer", "TtyPlayer\TtyPlayer.csproj", "{2409C96E-18FC-4420-A755-A2509F3B33C2}"
EndProject
Global
	GlobalSection(SolutionConfigurationPlatforms) = preSolution
		Debug|x86 = Debug|x86
		Release|x86 = Release|x86
	EndGlobalSection
	GlobalSection(ProjectConfigurationPlatforms) = postSolution
		{B246C8EE-F963-403A-893E-530B08BA7261}.Debug|x86.ActiveCfg = Debug|x86
		{B246C8EE-F963-403A-893E-530B08BA7261}.Debug|x86.Build.0 = Debug|x86
		{B246C8EE-F963-403A-893E-530B08BA7261}.Release|x86.ActiveCfg = Release|x86
		{B246C8EE-F963-403A-893E-530B08BA7261}.Release|x86.Build.0 = Release|x86
		{2409C96E-18FC-4420-A755-A2509F3B33C2}.Debug|x86.ActiveCfg = Debug|x86
		{2409C96E-18FC-4420-A755-A2509F3B33C2}.Debug|x86.Build.0 = Debug|x86
		{2409C96E-18FC-4420-A755-A2509F3B33C2}.Release|x86.ActiveCfg = Release|x86
		{2409C96E-18FC-4420-A755-A2509F3B33C2}.Release|x86.Build.0 = Release|x86
	EndGlobalSection
	GlobalSection(SolutionProperties) = preSolution
		HideSolutionNode = FALSE
	EndGlobalSection
EndGlobal
