
Microsoft Visual Studio Solution File, Format Version 10.00
# Visual Studio 2008
Project("{8BC9CEB8-8B4A-11D0-8D11-00A0C91BC942}") = "pageant", "pageant\pageant.vcproj", "{EDCBC0FD-4E94-47C7-81AB-485F1E766EB7}"
EndProject
Project("{8BC9CEB8-8B4A-11D0-8D11-00A0C91BC942}") = "plink", "plink\plink.vcproj", "{504FB919-8E15-4282-9CE3-9E6A016FF92A}"
EndProject
Project("{8BC9CEB8-8B4A-11D0-8D11-00A0C91BC942}") = "pscp", "pscp\pscp.vcproj", "{4240081C-98E5-4E47-886F-D4E1A259502C}"
EndProject
Project("{8BC9CEB8-8B4A-11D0-8D11-00A0C91BC942}") = "psftp", "psftp\psftp.vcproj", "{209BB150-FDEA-4139-8571-EE8E83C07047}"
EndProject
Project("{8BC9CEB8-8B4A-11D0-8D11-00A0C91BC942}") = "putty", "putty\putty.vcproj", "{894037AC-374B-47FD-9FAB-5EA6B482D0C7}"
EndProject
Project("{8BC9CEB8-8B4A-11D0-8D11-00A0C91BC942}") = "puttygen", "puttygen\puttygen.vcproj", "{0D33FFE5-5927-4426-9201-17EB0D7F1282}"
EndProject
Project("{8BC9CEB8-8B4A-11D0-8D11-00A0C91BC942}") = "puttytel", "puttytel\puttytel.vcproj", "{991DC83E-8CE3-4E3A-8F37-1048D5CD6A99}"
EndProject
Global
	GlobalSection(SolutionConfigurationPlatforms) = preSolution
		Debug|Win32 = Debug|Win32
		Release|Win32 = Release|Win32
	EndGlobalSection
	GlobalSection(ProjectConfigurationPlatforms) = postSolution
		{EDCBC0FD-4E94-47C7-81AB-485F1E766EB7}.Debug|Win32.ActiveCfg = Debug|Win32
		{EDCBC0FD-4E94-47C7-81AB-485F1E766EB7}.Debug|Win32.Build.0 = Debug|Win32
		{EDCBC0FD-4E94-47C7-81AB-485F1E766EB7}.Release|Win32.ActiveCfg = Release|Win32
		{EDCBC0FD-4E94-47C7-81AB-485F1E766EB7}.Release|Win32.Build.0 = Release|Win32
		{504FB919-8E15-4282-9CE3-9E6A016FF92A}.Debug|Win32.ActiveCfg = Debug|Win32
		{504FB919-8E15-4282-9CE3-9E6A016FF92A}.Debug|Win32.Build.0 = Debug|Win32
		{504FB919-8E15-4282-9CE3-9E6A016FF92A}.Release|Win32.ActiveCfg = Release|Win32
		{504FB919-8E15-4282-9CE3-9E6A016FF92A}.Release|Win32.Build.0 = Release|Win32
		{4240081C-98E5-4E47-886F-D4E1A259502C}.Debug|Win32.ActiveCfg = Debug|Win32
		{4240081C-98E5-4E47-886F-D4E1A259502C}.Debug|Win32.Build.0 = Debug|Win32
		{4240081C-98E5-4E47-886F-D4E1A259502C}.Release|Win32.ActiveCfg = Release|Win32
		{4240081C-98E5-4E47-886F-D4E1A259502C}.Release|Win32.Build.0 = Release|Win32
		{209BB150-FDEA-4139-8571-EE8E83C07047}.Debug|Win32.ActiveCfg = Debug|Win32
		{209BB150-FDEA-4139-8571-EE8E83C07047}.Debug|Win32.Build.0 = Debug|Win32
		{209BB150-FDEA-4139-8571-EE8E83C07047}.Release|Win32.ActiveCfg = Release|Win32
		{209BB150-FDEA-4139-8571-EE8E83C07047}.Release|Win32.Build.0 = Release|Win32
		{894037AC-374B-47FD-9FAB-5EA6B482D0C7}.Debug|Win32.ActiveCfg = Debug|Win32
		{894037AC-374B-47FD-9FAB-5EA6B482D0C7}.Debug|Win32.Build.0 = Debug|Win32
		{894037AC-374B-47FD-9FAB-5EA6B482D0C7}.Release|Win32.ActiveCfg = Release|Win32
		{894037AC-374B-47FD-9FAB-5EA6B482D0C7}.Release|Win32.Build.0 = Release|Win32
		{0D33FFE5-5927-4426-9201-17EB0D7F1282}.Debug|Win32.ActiveCfg = Debug|Win32
		{0D33FFE5-5927-4426-9201-17EB0D7F1282}.Debug|Win32.Build.0 = Debug|Win32
		{0D33FFE5-5927-4426-9201-17EB0D7F1282}.Release|Win32.ActiveCfg = Release|Win32
		{0D33FFE5-5927-4426-9201-17EB0D7F1282}.Release|Win32.Build.0 = Release|Win32
		{991DC83E-8CE3-4E3A-8F37-1048D5CD6A99}.Debug|Win32.ActiveCfg = Debug|Win32
		{991DC83E-8CE3-4E3A-8F37-1048D5CD6A99}.Debug|Win32.Build.0 = Debug|Win32
		{991DC83E-8CE3-4E3A-8F37-1048D5CD6A99}.Release|Win32.ActiveCfg = Release|Win32
		{991DC83E-8CE3-4E3A-8F37-1048D5CD6A99}.Release|Win32.Build.0 = Release|Win32
	EndGlobalSection
	GlobalSection(SolutionProperties) = preSolution
		HideSolutionNode = FALSE
	EndGlobalSection
EndGlobal
